// !$*UTF8*$!
{
	archiveVersion = 1;
	classes = {
	};
	objectVersion = 77;
	objects = {

/* Begin PBXBuildFile section */
		0E31B02AC791DFD9C9CB69FC /* BrandingEditorSheet.swift in Sources */ = {isa = PBXBuildFile; fileRef = BE931A1694992C972E5BD12A /* BrandingEditorSheet.swift */; };
		1083B061DCE584035504F74C /* LiveView.swift in Sources */ = {isa = PBXBuildFile; fileRef = 701CBCDE2440532BB88C1222 /* LiveView.swift */; };
		2E66898E45212FB451BFFBFB /* StopRecordingIntent.swift in Sources */ = {isa = PBXBuildFile; fileRef = 25D32F3E4331A6FDAB99CF10 /* StopRecordingIntent.swift */; };
		31252B8AD4EA911D1CFE924E /* ToggleMuteIntent.swift in Sources */ = {isa = PBXBuildFile; fileRef = B8B0BA6C383B3D4BF64E34FD /* ToggleMuteIntent.swift */; };
		318599127FDC9978A2EEFE2E /* APIClient.swift in Sources */ = {isa = PBXBuildFile; fileRef = 45A14FF6B9071E2F1778CD44 /* APIClient.swift */; };
		325CF9ACBB86889E9D21EACC /* Theme.swift in Sources */ = {isa = PBXBuildFile; fileRef = 6E0DF985428F286A7A4014BD /* Theme.swift */; };
		36A2F83B5677D376932A1CB0 /* IPadAgentApp.swift in Sources */ = {isa = PBXBuildFile; fileRef = C2439F818B3BA7E17C75CF63 /* IPadAgentApp.swift */; };
		371F09E8CA61B1078CD2AFC4 /* OpenHouseBossApp.swift in Sources */ = {isa = PBXBuildFile; fileRef = FFE577A9E7DBCF6DCC8F6928 /* OpenHouseBossApp.swift */; };
		3746A7E818ACECF5E1FE9EE1 /* Models.swift in Sources */ = {isa = PBXBuildFile; fileRef = 661C2F2EF9FC742158DE3390 /* Models.swift */; };
		390552CDFFBFAF265B4C4C64 /* OpenHouseBossWidgets.appex in Embed Foundation Extensions */ = {isa = PBXBuildFile; fileRef = 198B53E137D70F2852D04E7B /* OpenHouseBossWidgets.appex */; settings = {ATTRIBUTES = (RemoveHeadersOnCopy, ); }; };
		4C07B7E7522E9268A234B9DB /* foyer-loading.gif in Resources */ = {isa = PBXBuildFile; fileRef = B6DB7C9D6CA21742ED702246 /* foyer-loading.gif */; };
		53967D9C031DD32DC893EE85 /* RecordingActivityAttributes.swift in Sources */ = {isa = PBXBuildFile; fileRef = 059742BE4DC8DE3BC37C3420 /* RecordingActivityAttributes.swift */; };
		53A9D10A2C9014C5D5C8DF92 /* SummaryView.swift in Sources */ = {isa = PBXBuildFile; fileRef = 14804FB0F6B1FF7D9A98509F /* SummaryView.swift */; };
		6A28EBEABC7ACEE2205D25C5 /* Config.swift in Sources */ = {isa = PBXBuildFile; fileRef = 49A00317B74209CC35C75028 /* Config.swift */; };
		75B80CF41E60950CFD1B894F /* VisitorDetailView.swift in Sources */ = {isa = PBXBuildFile; fileRef = 2AF9EB1C202D2DA5DB88A1EC /* VisitorDetailView.swift */; };
		7B880972808B12F311F66774 /* SampleData.swift in Sources */ = {isa = PBXBuildFile; fileRef = 7639E9BFDB5C581D58043144 /* SampleData.swift */; };
		8266A248BC38687FE5CA3F6B /* FollowupView.swift in Sources */ = {isa = PBXBuildFile; fileRef = 486C86D53F7F13F83881027C /* FollowupView.swift */; };
		8896C6E367CE7E21D6588748 /* Geocoder.swift in Sources */ = {isa = PBXBuildFile; fileRef = 31508EAA55E7963BAE28CEC5 /* Geocoder.swift */; };
		994CB8138326823ECA807674 /* InsightsView.swift in Sources */ = {isa = PBXBuildFile; fileRef = 0B8C2198C2100222C0B0990A /* InsightsView.swift */; };
		9D444B6AC2E2DA852776D5EB /* RecordingActivityAttributes.swift in Sources */ = {isa = PBXBuildFile; fileRef = 059742BE4DC8DE3BC37C3420 /* RecordingActivityAttributes.swift */; };
		9F99468A8A85EE024AFE3903 /* SessionStore.swift in Sources */ = {isa = PBXBuildFile; fileRef = 22C2623D371CC35BE5C79E0F /* SessionStore.swift */; };
		9FAA8326243F5997E8634DA9 /* OpenHouseBossWidgetsBundle.swift in Sources */ = {isa = PBXBuildFile; fileRef = 3988A31ECC5ABDE712E61764 /* OpenHouseBossWidgetsBundle.swift */; };
		A046864C4B521610B3DB16F8 /* RecordingLiveActivity.swift in Sources */ = {isa = PBXBuildFile; fileRef = 8247ED02EC4FF7ECE5498E73 /* RecordingLiveActivity.swift */; };
		A4D57073C40D6CD9E5878FEE /* Assets.xcassets in Resources */ = {isa = PBXBuildFile; fileRef = A15107E5607D6C8A1CB330C5 /* Assets.xcassets */; };
		A8CC3AF05D4BE251321536C7 /* FoyerBrand.swift in Sources */ = {isa = PBXBuildFile; fileRef = B24B8C774159A0F354B9176D /* FoyerBrand.swift */; };
		A9FD41F941A91A0BB7101205 /* Log.swift in Sources */ = {isa = PBXBuildFile; fileRef = B550150CDEF72AE1714252D7 /* Log.swift */; };
		AA19024C60B17597536B6CED /* DevMode.swift in Sources */ = {isa = PBXBuildFile; fileRef = 17AAE43B7C807B2B3D1CD658 /* DevMode.swift */; };
		C1D6502DE25AAE6FE2C55E6D /* ToggleMuteIntent.swift in Sources */ = {isa = PBXBuildFile; fileRef = B8B0BA6C383B3D4BF64E34FD /* ToggleMuteIntent.swift */; };
		C4A505C8F2873D25FA6891DA /* RecordView.swift in Sources */ = {isa = PBXBuildFile; fileRef = 88172970AE449A66CFAE784B /* RecordView.swift */; };
		CCE85596A80EAFE5C598CD60 /* StopRecordingIntent.swift in Sources */ = {isa = PBXBuildFile; fileRef = 25D32F3E4331A6FDAB99CF10 /* StopRecordingIntent.swift */; };
		D2521FB2DA85A9BB1EE7EBA8 /* AudioRecorder.swift in Sources */ = {isa = PBXBuildFile; fileRef = BF8BCE20CB28CFE1DEA036E9 /* AudioRecorder.swift */; };
		D630737EBAA8096E73D8081A /* AudioPlayer.swift in Sources */ = {isa = PBXBuildFile; fileRef = 3E09E1623EFE0883D025F4D0 /* AudioPlayer.swift */; };
		DE0DCCA672B3A89AA92D9225 /* HomeView.swift in Sources */ = {isa = PBXBuildFile; fileRef = 9A1B4C8EF2B8FD62DEFE6CFA /* HomeView.swift */; };
		F22743D92A34275936122583 /* VoiceWaveform.swift in Sources */ = {isa = PBXBuildFile; fileRef = A4F7AE09868D8B2C52624330 /* VoiceWaveform.swift */; };
		FCA7C85B08108A99C9F60A70 /* ReportView.swift in Sources */ = {isa = PBXBuildFile; fileRef = A1C46301E704D6989929CB5B /* ReportView.swift */; };
/* End PBXBuildFile section */

/* Begin PBXContainerItemProxy section */
		71014A889EF5F2B66C966FAE /* PBXContainerItemProxy */ = {
			isa = PBXContainerItemProxy;
			containerPortal = 058E75B73575AB835627EAF4 /* Project object */;
			proxyType = 1;
			remoteGlobalIDString = E77E2E028D0A4305D552E606;
			remoteInfo = OpenHouseBossWidgets;
		};
/* End PBXContainerItemProxy section */

/* Begin PBXCopyFilesBuildPhase section */
		00810DAF0D77AE78E76D2F63 /* Embed Foundation Extensions */ = {
			isa = PBXCopyFilesBuildPhase;
			buildActionMask = 2147483647;
			dstPath = "";
			dstSubfolderSpec = 13;
			files = (
				390552CDFFBFAF265B4C4C64 /* OpenHouseBossWidgets.appex in Embed Foundation Extensions */,
			);
			name = "Embed Foundation Extensions";
			runOnlyForDeploymentPostprocessing = 0;
		};
/* End PBXCopyFilesBuildPhase section */

/* Begin PBXFileReference section */
		059742BE4DC8DE3BC37C3420 /* RecordingActivityAttributes.swift */ = {isa = PBXFileReference; lastKnownFileType = sourcecode.swift; path = RecordingActivityAttributes.swift; sourceTree = "<group>"; };
		0B8C2198C2100222C0B0990A /* InsightsView.swift */ = {isa = PBXFileReference; lastKnownFileType = sourcecode.swift; path = InsightsView.swift; sourceTree = "<group>"; };
		14804FB0F6B1FF7D9A98509F /* SummaryView.swift */ = {isa = PBXFileReference; lastKnownFileType = sourcecode.swift; path = SummaryView.swift; sourceTree = "<group>"; };
		17AAE43B7C807B2B3D1CD658 /* DevMode.swift */ = {isa = PBXFileReference; lastKnownFileType = sourcecode.swift; path = DevMode.swift; sourceTree = "<group>"; };
		198B53E137D70F2852D04E7B /* OpenHouseBossWidgets.appex */ = {isa = PBXFileReference; explicitFileType = "wrapper.app-extension"; includeInIndex = 0; path = OpenHouseBossWidgets.appex; sourceTree = BUILT_PRODUCTS_DIR; };
		22C2623D371CC35BE5C79E0F /* SessionStore.swift */ = {isa = PBXFileReference; lastKnownFileType = sourcecode.swift; path = SessionStore.swift; sourceTree = "<group>"; };
		25D32F3E4331A6FDAB99CF10 /* StopRecordingIntent.swift */ = {isa = PBXFileReference; lastKnownFileType = sourcecode.swift; path = StopRecordingIntent.swift; sourceTree = "<group>"; };
		2AF9EB1C202D2DA5DB88A1EC /* VisitorDetailView.swift */ = {isa = PBXFileReference; lastKnownFileType = sourcecode.swift; path = VisitorDetailView.swift; sourceTree = "<group>"; };
		31508EAA55E7963BAE28CEC5 /* Geocoder.swift */ = {isa = PBXFileReference; lastKnownFileType = sourcecode.swift; path = Geocoder.swift; sourceTree = "<group>"; };
		3988A31ECC5ABDE712E61764 /* OpenHouseBossWidgetsBundle.swift */ = {isa = PBXFileReference; lastKnownFileType = sourcecode.swift; path = OpenHouseBossWidgetsBundle.swift; sourceTree = "<group>"; };
		3E09E1623EFE0883D025F4D0 /* AudioPlayer.swift */ = {isa = PBXFileReference; lastKnownFileType = sourcecode.swift; path = AudioPlayer.swift; sourceTree = "<group>"; };
		45A14FF6B9071E2F1778CD44 /* APIClient.swift */ = {isa = PBXFileReference; lastKnownFileType = sourcecode.swift; path = APIClient.swift; sourceTree = "<group>"; };
		47AEF0ECEC367647C6EA6639 /* Info.plist */ = {isa = PBXFileReference; lastKnownFileType = text.plist; path = Info.plist; sourceTree = "<group>"; };
		486C86D53F7F13F83881027C /* FollowupView.swift */ = {isa = PBXFileReference; lastKnownFileType = sourcecode.swift; path = FollowupView.swift; sourceTree = "<group>"; };
		49A00317B74209CC35C75028 /* Config.swift */ = {isa = PBXFileReference; lastKnownFileType = sourcecode.swift; path = Config.swift; sourceTree = "<group>"; };
		661C2F2EF9FC742158DE3390 /* Models.swift */ = {isa = PBXFileReference; lastKnownFileType = sourcecode.swift; path = Models.swift; sourceTree = "<group>"; };
		6E0DF985428F286A7A4014BD /* Theme.swift */ = {isa = PBXFileReference; lastKnownFileType = sourcecode.swift; path = Theme.swift; sourceTree = "<group>"; };
		701CBCDE2440532BB88C1222 /* LiveView.swift */ = {isa = PBXFileReference; lastKnownFileType = sourcecode.swift; path = LiveView.swift; sourceTree = "<group>"; };
		7639E9BFDB5C581D58043144 /* SampleData.swift */ = {isa = PBXFileReference; lastKnownFileType = sourcecode.swift; path = SampleData.swift; sourceTree = "<group>"; };
		8247ED02EC4FF7ECE5498E73 /* RecordingLiveActivity.swift */ = {isa = PBXFileReference; lastKnownFileType = sourcecode.swift; path = RecordingLiveActivity.swift; sourceTree = "<group>"; };
		88172970AE449A66CFAE784B /* RecordView.swift */ = {isa = PBXFileReference; lastKnownFileType = sourcecode.swift; path = RecordView.swift; sourceTree = "<group>"; };
		9A1B4C8EF2B8FD62DEFE6CFA /* HomeView.swift */ = {isa = PBXFileReference; lastKnownFileType = sourcecode.swift; path = HomeView.swift; sourceTree = "<group>"; };
		A15107E5607D6C8A1CB330C5 /* Assets.xcassets */ = {isa = PBXFileReference; lastKnownFileType = folder.assetcatalog; path = Assets.xcassets; sourceTree = "<group>"; };
		A1C46301E704D6989929CB5B /* ReportView.swift */ = {isa = PBXFileReference; lastKnownFileType = sourcecode.swift; path = ReportView.swift; sourceTree = "<group>"; };
		A4F7AE09868D8B2C52624330 /* VoiceWaveform.swift */ = {isa = PBXFileReference; lastKnownFileType = sourcecode.swift; path = VoiceWaveform.swift; sourceTree = "<group>"; };
		B24B8C774159A0F354B9176D /* FoyerBrand.swift */ = {isa = PBXFileReference; lastKnownFileType = sourcecode.swift; path = FoyerBrand.swift; sourceTree = "<group>"; };
		B550150CDEF72AE1714252D7 /* Log.swift */ = {isa = PBXFileReference; lastKnownFileType = sourcecode.swift; path = Log.swift; sourceTree = "<group>"; };
		B6DB7C9D6CA21742ED702246 /* foyer-loading.gif */ = {isa = PBXFileReference; lastKnownFileType = image.gif; path = "foyer-loading.gif"; sourceTree = "<group>"; };
		B8B0BA6C383B3D4BF64E34FD /* ToggleMuteIntent.swift */ = {isa = PBXFileReference; lastKnownFileType = sourcecode.swift; path = ToggleMuteIntent.swift; sourceTree = "<group>"; };
		BE931A1694992C972E5BD12A /* BrandingEditorSheet.swift */ = {isa = PBXFileReference; lastKnownFileType = sourcecode.swift; path = BrandingEditorSheet.swift; sourceTree = "<group>"; };
		BF8BCE20CB28CFE1DEA036E9 /* AudioRecorder.swift */ = {isa = PBXFileReference; lastKnownFileType = sourcecode.swift; path = AudioRecorder.swift; sourceTree = "<group>"; };
		C2439F818B3BA7E17C75CF63 /* IPadAgentApp.swift */ = {isa = PBXFileReference; lastKnownFileType = sourcecode.swift; path = IPadAgentApp.swift; sourceTree = "<group>"; };
		FF7611614BAC0AFA7B0507EE /* OpenHouseBoss.app */ = {isa = PBXFileReference; explicitFileType = wrapper.application; includeInIndex = 0; path = OpenHouseBoss.app; sourceTree = BUILT_PRODUCTS_DIR; };
		FFE577A9E7DBCF6DCC8F6928 /* OpenHouseBossApp.swift */ = {isa = PBXFileReference; lastKnownFileType = sourcecode.swift; path = OpenHouseBossApp.swift; sourceTree = "<group>"; };
/* End PBXFileReference section */

/* Begin PBXGroup section */
		12B93178ABEF81A4786131D8 /* OpenHouseBossWidgets */ = {
			isa = PBXGroup;
			children = (
				47AEF0ECEC367647C6EA6639 /* Info.plist */,
				3988A31ECC5ABDE712E61764 /* OpenHouseBossWidgetsBundle.swift */,
				8247ED02EC4FF7ECE5498E73 /* RecordingLiveActivity.swift */,
				25D32F3E4331A6FDAB99CF10 /* StopRecordingIntent.swift */,
				B8B0BA6C383B3D4BF64E34FD /* ToggleMuteIntent.swift */,
			);
			path = OpenHouseBossWidgets;
			sourceTree = "<group>";
		};
		3E3CED6BC3EC2027D726A534 /* Products */ = {
			isa = PBXGroup;
			children = (
				FF7611614BAC0AFA7B0507EE /* OpenHouseBoss.app */,
				198B53E137D70F2852D04E7B /* OpenHouseBossWidgets.appex */,
			);
			name = Products;
			sourceTree = "<group>";
		};
		882DF4A9469ABC79E1719BBA /* OpenHouseBoss */ = {
			isa = PBXGroup;
			children = (
				45A14FF6B9071E2F1778CD44 /* APIClient.swift */,
				A15107E5607D6C8A1CB330C5 /* Assets.xcassets */,
				3E09E1623EFE0883D025F4D0 /* AudioPlayer.swift */,
				BF8BCE20CB28CFE1DEA036E9 /* AudioRecorder.swift */,
				BE931A1694992C972E5BD12A /* BrandingEditorSheet.swift */,
				49A00317B74209CC35C75028 /* Config.swift */,
				17AAE43B7C807B2B3D1CD658 /* DevMode.swift */,
				486C86D53F7F13F83881027C /* FollowupView.swift */,
				B6DB7C9D6CA21742ED702246 /* foyer-loading.gif */,
				B24B8C774159A0F354B9176D /* FoyerBrand.swift */,
				31508EAA55E7963BAE28CEC5 /* Geocoder.swift */,
				9A1B4C8EF2B8FD62DEFE6CFA /* HomeView.swift */,
				0B8C2198C2100222C0B0990A /* InsightsView.swift */,
				C2439F818B3BA7E17C75CF63 /* IPadAgentApp.swift */,
				701CBCDE2440532BB88C1222 /* LiveView.swift */,
				B550150CDEF72AE1714252D7 /* Log.swift */,
				661C2F2EF9FC742158DE3390 /* Models.swift */,
				FFE577A9E7DBCF6DCC8F6928 /* OpenHouseBossApp.swift */,
				059742BE4DC8DE3BC37C3420 /* RecordingActivityAttributes.swift */,
				88172970AE449A66CFAE784B /* RecordView.swift */,
				A1C46301E704D6989929CB5B /* ReportView.swift */,
				7639E9BFDB5C581D58043144 /* SampleData.swift */,
				22C2623D371CC35BE5C79E0F /* SessionStore.swift */,
				14804FB0F6B1FF7D9A98509F /* SummaryView.swift */,
				6E0DF985428F286A7A4014BD /* Theme.swift */,
				2AF9EB1C202D2DA5DB88A1EC /* VisitorDetailView.swift */,
				A4F7AE09868D8B2C52624330 /* VoiceWaveform.swift */,
			);
			path = OpenHouseBoss;
			sourceTree = "<group>";
		};
		B68389772CFCA5C42A9924FA = {
			isa = PBXGroup;
			children = (
				882DF4A9469ABC79E1719BBA /* OpenHouseBoss */,
				12B93178ABEF81A4786131D8 /* OpenHouseBossWidgets */,
				3E3CED6BC3EC2027D726A534 /* Products */,
			);
			sourceTree = "<group>";
		};
/* End PBXGroup section */

/* Begin PBXNativeTarget section */
		D08D94FF893DD486800132E2 /* OpenHouseBoss */ = {
			isa = PBXNativeTarget;
			buildConfigurationList = D9882E3F32517080D5CD9AED /* Build configuration list for PBXNativeTarget "OpenHouseBoss" */;
			buildPhases = (
				A7F721049E8CB69BA16F33E7 /* Sources */,
				AC6F00E17CA7F9CFE2FC4CA1 /* Resources */,
				00810DAF0D77AE78E76D2F63 /* Embed Foundation Extensions */,
			);
			buildRules = (
			);
			dependencies = (
				EFB32029A502041E685057F4 /* PBXTargetDependency */,
			);
			name = OpenHouseBoss;
			packageProductDependencies = (
			);
			productName = OpenHouseBoss;
			productReference = FF7611614BAC0AFA7B0507EE /* OpenHouseBoss.app */;
			productType = "com.apple.product-type.application";
		};
		E77E2E028D0A4305D552E606 /* OpenHouseBossWidgets */ = {
			isa = PBXNativeTarget;
			buildConfigurationList = 20646D870BA133FA06A106CA /* Build configuration list for PBXNativeTarget "OpenHouseBossWidgets" */;
			buildPhases = (
				E0D04988FA9FD1F4CD9C87DD /* Sources */,
			);
			buildRules = (
			);
			dependencies = (
			);
			name = OpenHouseBossWidgets;
			packageProductDependencies = (
			);
			productName = OpenHouseBossWidgets;
			productReference = 198B53E137D70F2852D04E7B /* OpenHouseBossWidgets.appex */;
			productType = "com.apple.product-type.app-extension";
		};
/* End PBXNativeTarget section */

/* Begin PBXProject section */
		058E75B73575AB835627EAF4 /* Project object */ = {
			isa = PBXProject;
			attributes = {
				BuildIndependentTargetsInParallel = YES;
				LastUpgradeCheck = 1430;
				TargetAttributes = {
					D08D94FF893DD486800132E2 = {
						ProvisioningStyle = Automatic;
					};
					E77E2E028D0A4305D552E606 = {
						ProvisioningStyle = Automatic;
					};
				};
			};
			buildConfigurationList = 7F8EC386ABC2478F8DDB7775 /* Build configuration list for PBXProject "OpenHouseBoss" */;
			developmentRegion = en;
			hasScannedForEncodings = 0;
			knownRegions = (
				Base,
				en,
			);
			mainGroup = B68389772CFCA5C42A9924FA;
			minimizedProjectReferenceProxies = 1;
			preferredProjectObjectVersion = 77;
			productRefGroup = 3E3CED6BC3EC2027D726A534 /* Products */;
			projectDirPath = "";
			projectRoot = "";
			targets = (
				D08D94FF893DD486800132E2 /* OpenHouseBoss */,
				E77E2E028D0A4305D552E606 /* OpenHouseBossWidgets */,
			);
		};
/* End PBXProject section */

/* Begin PBXResourcesBuildPhase section */
		AC6F00E17CA7F9CFE2FC4CA1 /* Resources */ = {
			isa = PBXResourcesBuildPhase;
			buildActionMask = 2147483647;
			files = (
				A4D57073C40D6CD9E5878FEE /* Assets.xcassets in Resources */,
				4C07B7E7522E9268A234B9DB /* foyer-loading.gif in Resources */,
			);
			runOnlyForDeploymentPostprocessing = 0;
		};
/* End PBXResourcesBuildPhase section */

/* Begin PBXSourcesBuildPhase section */
		A7F721049E8CB69BA16F33E7 /* Sources */ = {
			isa = PBXSourcesBuildPhase;
			buildActionMask = 2147483647;
			files = (
				318599127FDC9978A2EEFE2E /* APIClient.swift in Sources */,
				D630737EBAA8096E73D8081A /* AudioPlayer.swift in Sources */,
				D2521FB2DA85A9BB1EE7EBA8 /* AudioRecorder.swift in Sources */,
				0E31B02AC791DFD9C9CB69FC /* BrandingEditorSheet.swift in Sources */,
				6A28EBEABC7ACEE2205D25C5 /* Config.swift in Sources */,
				AA19024C60B17597536B6CED /* DevMode.swift in Sources */,
				8266A248BC38687FE5CA3F6B /* FollowupView.swift in Sources */,
				A8CC3AF05D4BE251321536C7 /* FoyerBrand.swift in Sources */,
				8896C6E367CE7E21D6588748 /* Geocoder.swift in Sources */,
				DE0DCCA672B3A89AA92D9225 /* HomeView.swift in Sources */,
				36A2F83B5677D376932A1CB0 /* IPadAgentApp.swift in Sources */,
				994CB8138326823ECA807674 /* InsightsView.swift in Sources */,
				1083B061DCE584035504F74C /* LiveView.swift in Sources */,
				A9FD41F941A91A0BB7101205 /* Log.swift in Sources */,
				3746A7E818ACECF5E1FE9EE1 /* Models.swift in Sources */,
				371F09E8CA61B1078CD2AFC4 /* OpenHouseBossApp.swift in Sources */,
				C4A505C8F2873D25FA6891DA /* RecordView.swift in Sources */,
				53967D9C031DD32DC893EE85 /* RecordingActivityAttributes.swift in Sources */,
				FCA7C85B08108A99C9F60A70 /* ReportView.swift in Sources */,
				7B880972808B12F311F66774 /* SampleData.swift in Sources */,
				9F99468A8A85EE024AFE3903 /* SessionStore.swift in Sources */,
				2E66898E45212FB451BFFBFB /* StopRecordingIntent.swift in Sources */,
				53A9D10A2C9014C5D5C8DF92 /* SummaryView.swift in Sources */,
				325CF9ACBB86889E9D21EACC /* Theme.swift in Sources */,
				31252B8AD4EA911D1CFE924E /* ToggleMuteIntent.swift in Sources */,
				75B80CF41E60950CFD1B894F /* VisitorDetailView.swift in Sources */,
				F22743D92A34275936122583 /* VoiceWaveform.swift in Sources */,
			);
			runOnlyForDeploymentPostprocessing = 0;
		};
		E0D04988FA9FD1F4CD9C87DD /* Sources */ = {
			isa = PBXSourcesBuildPhase;
			buildActionMask = 2147483647;
			files = (
				9FAA8326243F5997E8634DA9 /* OpenHouseBossWidgetsBundle.swift in Sources */,
				9D444B6AC2E2DA852776D5EB /* RecordingActivityAttributes.swift in Sources */,
				A046864C4B521610B3DB16F8 /* RecordingLiveActivity.swift in Sources */,
				CCE85596A80EAFE5C598CD60 /* StopRecordingIntent.swift in Sources */,
				C1D6502DE25AAE6FE2C55E6D /* ToggleMuteIntent.swift in Sources */,
			);
			runOnlyForDeploymentPostprocessing = 0;
		};
/* End PBXSourcesBuildPhase section */

/* Begin PBXTargetDependency section */
		EFB32029A502041E685057F4 /* PBXTargetDependency */ = {
			isa = PBXTargetDependency;
			target = E77E2E028D0A4305D552E606 /* OpenHouseBossWidgets */;
			targetProxy = 71014A889EF5F2B66C966FAE /* PBXContainerItemProxy */;
		};
/* End PBXTargetDependency section */

/* Begin XCBuildConfiguration section */
		220262D11E662C6710D9D95B /* Debug */ = {
			isa = XCBuildConfiguration;
			buildSettings = {
				ALWAYS_SEARCH_USER_PATHS = NO;
				CLANG_ANALYZER_NONNULL = YES;
				CLANG_ANALYZER_NUMBER_OBJECT_CONVERSION = YES_AGGRESSIVE;
				CLANG_CXX_LANGUAGE_STANDARD = "gnu++14";
				CLANG_CXX_LIBRARY = "libc++";
				CLANG_ENABLE_MODULES = YES;
				CLANG_ENABLE_OBJC_ARC = YES;
				CLANG_ENABLE_OBJC_WEAK = YES;
				CLANG_WARN_BLOCK_CAPTURE_AUTORELEASING = YES;
				CLANG_WARN_BOOL_CONVERSION = YES;
				CLANG_WARN_COMMA = YES;
				CLANG_WARN_CONSTANT_CONVERSION = YES;
				CLANG_WARN_DEPRECATED_OBJC_IMPLEMENTATIONS = YES;
				CLANG_WARN_DIRECT_OBJC_ISA_USAGE = YES_ERROR;
				CLANG_WARN_DOCUMENTATION_COMMENTS = YES;
				CLANG_WARN_EMPTY_BODY = YES;
				CLANG_WARN_ENUM_CONVERSION = YES;
				CLANG_WARN_INFINITE_RECURSION = YES;
				CLANG_WARN_INT_CONVERSION = YES;
				CLANG_WARN_NON_LITERAL_NULL_CONVERSION = YES;
				CLANG_WARN_OBJC_IMPLICIT_RETAIN_SELF = YES;
				CLANG_WARN_OBJC_LITERAL_CONVERSION = YES;
				CLANG_WARN_OBJC_ROOT_CLASS = YES_ERROR;
				CLANG_WARN_QUOTED_INCLUDE_IN_FRAMEWORK_HEADER = YES;
				CLANG_WARN_RANGE_LOOP_ANALYSIS = YES;
				CLANG_WARN_STRICT_PROTOTYPES = YES;
				CLANG_WARN_SUSPICIOUS_MOVE = YES;
				CLANG_WARN_UNGUARDED_AVAILABILITY = YES_AGGRESSIVE;
				CLANG_WARN_UNREACHABLE_CODE = YES;
				CLANG_WARN__DUPLICATE_METHOD_MATCH = YES;
				COPY_PHASE_STRIP = NO;
				DEBUG_INFORMATION_FORMAT = dwarf;
				ENABLE_STRICT_OBJC_MSGSEND = YES;
				ENABLE_TESTABILITY = YES;
				GCC_C_LANGUAGE_STANDARD = gnu11;
				GCC_DYNAMIC_NO_PIC = NO;
				GCC_NO_COMMON_BLOCKS = YES;
				GCC_OPTIMIZATION_LEVEL = 0;
				GCC_PREPROCESSOR_DEFINITIONS = (
					"$(inherited)",
					"DEBUG=1",
				);
				GCC_WARN_64_TO_32_BIT_CONVERSION = YES;
				GCC_WARN_ABOUT_RETURN_TYPE = YES_ERROR;
				GCC_WARN_UNDECLARED_SELECTOR = YES;
				GCC_WARN_UNINITIALIZED_AUTOS = YES_AGGRESSIVE;
				GCC_WARN_UNUSED_FUNCTION = YES;
				GCC_WARN_UNUSED_VARIABLE = YES;
				IPHONEOS_DEPLOYMENT_TARGET = 17.0;
				MTL_ENABLE_DEBUG_INFO = INCLUDE_SOURCE;
				MTL_FAST_MATH = YES;
				ONLY_ACTIVE_ARCH = YES;
				PRODUCT_NAME = "$(TARGET_NAME)";
				SDKROOT = iphoneos;
				SWIFT_ACTIVE_COMPILATION_CONDITIONS = DEBUG;
				SWIFT_OPTIMIZATION_LEVEL = "-Onone";
				SWIFT_VERSION = 5.0;
			};
			name = Debug;
		};
		328DF19BD8057097F553A45A /* Debug */ = {
			isa = XCBuildConfiguration;
			buildSettings = {
				CODE_SIGN_STYLE = Automatic;
				DEVELOPMENT_TEAM = YJ85MR8WLM;
				GENERATE_INFOPLIST_FILE = NO;
				INFOPLIST_FILE = OpenHouseBossWidgets/Info.plist;
				LD_RUNPATH_SEARCH_PATHS = (
					"$(inherited)",
					"@executable_path/Frameworks",
					"@executable_path/../../Frameworks",
				);
				PRODUCT_BUNDLE_IDENTIFIER = com.openhouseboss.app.widgets;
				SDKROOT = iphoneos;
				SKIP_INSTALL = YES;
				SWIFT_VERSION = 5.0;
				TARGETED_DEVICE_FAMILY = "1,2";
			};
			name = Debug;
		};
		4F6ABE0FE120532C64AC49AA /* Release */ = {
			isa = XCBuildConfiguration;
			buildSettings = {
				ASSETCATALOG_COMPILER_APPICON_NAME = AppIcon;
				CODE_SIGN_IDENTITY = "iPhone Developer";
				CODE_SIGN_STYLE = Automatic;
				DEVELOPMENT_TEAM = YJ85MR8WLM;
				GENERATE_INFOPLIST_FILE = NO;
				INFOPLIST_FILE = "OpenHouseBoss/Generated-Info.plist";
				LD_RUNPATH_SEARCH_PATHS = (
					"$(inherited)",
					"@executable_path/Frameworks",
				);
				PRODUCT_BUNDLE_IDENTIFIER = com.openhouseboss.app;
				SDKROOT = iphoneos;
				SWIFT_VERSION = 5.0;
				TARGETED_DEVICE_FAMILY = "1,2";
			};
			name = Release;
		};
		69D43FF337C9F177A017EE52 /* Release */ = {
			isa = XCBuildConfiguration;
			buildSettings = {
				ALWAYS_SEARCH_USER_PATHS = NO;
				CLANG_ANALYZER_NONNULL = YES;
				CLANG_ANALYZER_NUMBER_OBJECT_CONVERSION = YES_AGGRESSIVE;
				CLANG_CXX_LANGUAGE_STANDARD = "gnu++14";
				CLANG_CXX_LIBRARY = "libc++";
				CLANG_ENABLE_MODULES = YES;
				CLANG_ENABLE_OBJC_ARC = YES;
				CLANG_ENABLE_OBJC_WEAK = YES;
				CLANG_WARN_BLOCK_CAPTURE_AUTORELEASING = YES;
				CLANG_WARN_BOOL_CONVERSION = YES;
				CLANG_WARN_COMMA = YES;
				CLANG_WARN_CONSTANT_CONVERSION = YES;
				CLANG_WARN_DEPRECATED_OBJC_IMPLEMENTATIONS = YES;
				CLANG_WARN_DIRECT_OBJC_ISA_USAGE = YES_ERROR;
				CLANG_WARN_DOCUMENTATION_COMMENTS = YES;
				CLANG_WARN_EMPTY_BODY = YES;
				CLANG_WARN_ENUM_CONVERSION = YES;
				CLANG_WARN_INFINITE_RECURSION = YES;
				CLANG_WARN_INT_CONVERSION = YES;
				CLANG_WARN_NON_LITERAL_NULL_CONVERSION = YES;
				CLANG_WARN_OBJC_IMPLICIT_RETAIN_SELF = YES;
				CLANG_WARN_OBJC_LITERAL_CONVERSION = YES;
				CLANG_WARN_OBJC_ROOT_CLASS = YES_ERROR;
				CLANG_WARN_QUOTED_INCLUDE_IN_FRAMEWORK_HEADER = YES;
				CLANG_WARN_RANGE_LOOP_ANALYSIS = YES;
				CLANG_WARN_STRICT_PROTOTYPES = YES;
				CLANG_WARN_SUSPICIOUS_MOVE = YES;
				CLANG_WARN_UNGUARDED_AVAILABILITY = YES_AGGRESSIVE;
				CLANG_WARN_UNREACHABLE_CODE = YES;
				CLANG_WARN__DUPLICATE_METHOD_MATCH = YES;
				COPY_PHASE_STRIP = NO;
				DEBUG_INFORMATION_FORMAT = "dwarf-with-dsym";
				ENABLE_NS_ASSERTIONS = NO;
				ENABLE_STRICT_OBJC_MSGSEND = YES;
				GCC_C_LANGUAGE_STANDARD = gnu11;
				GCC_NO_COMMON_BLOCKS = YES;
				GCC_WARN_64_TO_32_BIT_CONVERSION = YES;
				GCC_WARN_ABOUT_RETURN_TYPE = YES_ERROR;
				GCC_WARN_UNDECLARED_SELECTOR = YES;
				GCC_WARN_UNINITIALIZED_AUTOS = YES_AGGRESSIVE;
				GCC_WARN_UNUSED_FUNCTION = YES;
				GCC_WARN_UNUSED_VARIABLE = YES;
				IPHONEOS_DEPLOYMENT_TARGET = 17.0;
				MTL_ENABLE_DEBUG_INFO = NO;
				MTL_FAST_MATH = YES;
				PRODUCT_NAME = "$(TARGET_NAME)";
				SDKROOT = iphoneos;
				SWIFT_COMPILATION_MODE = wholemodule;
				SWIFT_OPTIMIZATION_LEVEL = "-O";
				SWIFT_VERSION = 5.0;
			};
			name = Release;
		};
		83F15F7219ABC81D345EFD18 /* Debug */ = {
			isa = XCBuildConfiguration;
			buildSettings = {
				ASSETCATALOG_COMPILER_APPICON_NAME = AppIcon;
				CODE_SIGN_IDENTITY = "iPhone Developer";
				CODE_SIGN_STYLE = Automatic;
				DEVELOPMENT_TEAM = YJ85MR8WLM;
				GENERATE_INFOPLIST_FILE = NO;
				INFOPLIST_FILE = "OpenHouseBoss/Generated-Info.plist";
				LD_RUNPATH_SEARCH_PATHS = (
					"$(inherited)",
					"@executable_path/Frameworks",
				);
				PRODUCT_BUNDLE_IDENTIFIER = com.openhouseboss.app;
				SDKROOT = iphoneos;
				SWIFT_VERSION = 5.0;
				TARGETED_DEVICE_FAMILY = "1,2";
			};
			name = Debug;
		};
		E574508F0962B203019428FA /* Release */ = {
			isa = XCBuildConfiguration;
			buildSettings = {
				CODE_SIGN_STYLE = Automatic;
				DEVELOPMENT_TEAM = YJ85MR8WLM;
				GENERATE_INFOPLIST_FILE = NO;
				INFOPLIST_FILE = OpenHouseBossWidgets/Info.plist;
				LD_RUNPATH_SEARCH_PATHS = (
					"$(inherited)",
					"@executable_path/Frameworks",
					"@executable_path/../../Frameworks",
				);
				PRODUCT_BUNDLE_IDENTIFIER = com.openhouseboss.app.widgets;
				SDKROOT = iphoneos;
				SKIP_INSTALL = YES;
				SWIFT_VERSION = 5.0;
				TARGETED_DEVICE_FAMILY = "1,2";
			};
			name = Release;
		};
/* End XCBuildConfiguration section */

/* Begin XCConfigurationList section */
		20646D870BA133FA06A106CA /* Build configuration list for PBXNativeTarget "OpenHouseBossWidgets" */ = {
			isa = XCConfigurationList;
			buildConfigurations = (
				328DF19BD8057097F553A45A /* Debug */,
				E574508F0962B203019428FA /* Release */,
			);
			defaultConfigurationIsVisible = 0;
			defaultConfigurationName = Debug;
		};
		7F8EC386ABC2478F8DDB7775 /* Build configuration list for PBXProject "OpenHouseBoss" */ = {
			isa = XCConfigurationList;
			buildConfigurations = (
				220262D11E662C6710D9D95B /* Debug */,
				69D43FF337C9F177A017EE52 /* Release */,
			);
			defaultConfigurationIsVisible = 0;
			defaultConfigurationName = Debug;
		};
		D9882E3F32517080D5CD9AED /* Build configuration list for PBXNativeTarget "OpenHouseBoss" */ = {
			isa = XCConfigurationList;
			buildConfigurations = (
				83F15F7219ABC81D345EFD18 /* Debug */,
				4F6ABE0FE120532C64AC49AA /* Release */,
			);
			defaultConfigurationIsVisible = 0;
			defaultConfigurationName = Debug;
		};
/* End XCConfigurationList section */
	};
	rootObject = 058E75B73575AB835627EAF4 /* Project object */;
}
